
Microsoft Visual Studio Solution File, Format Version 12.00
# Visual Studio Version 17
VisualStudioVersion = 17.7.34221.43
MinimumVisualStudioVersion = 10.0.40219.1
Project("{FAE04EC0-301F-11D3-BF4B-00C04F79EFBC}") = "Lab_8_2", "Lab_8_2\Lab_8_2.csproj", "{58B074FC-3412-41BE-BC0C-31CA494ED197}"
EndProject
Global
	GlobalSection(SolutionConfigurationPlatforms) = preSolution
		Debug|Any CPU = Debug|Any CPU
		Release|Any CPU = Release|Any CPU
	EndGlobalSection
	GlobalSection(ProjectConfigurationPlatforms) = postSolution
		{58B074FC-3412-41BE-BC0C-31CA494ED197}.Debug|Any CPU.ActiveCfg = Debug|Any CPU
		{58B074FC-3412-41BE-BC0C-31CA494ED197}.Debug|Any CPU.Build.0 = Debug|Any CPU
		{58B074FC-3412-41BE-BC0C-31CA494ED197}.Release|Any CPU.ActiveCfg = Release|Any CPU
		{58B074FC-3412-41BE-BC0C-31CA494ED197}.Release|Any CPU.Build.0 = Release|Any CPU
	EndGlobalSection
	GlobalSection(SolutionProperties) = preSolution
		HideSolutionNode = FALSE
	EndGlobalSection
	GlobalSection(ExtensibilityGlobals) = postSolution
		SolutionGuid = {FE832E31-F7D4-4849-B524-33E382C3D181}
	EndGlobalSection
EndGlobal
